
Microsoft Visual Studio Solution File, Format Version 12.00
# Visual Studio 2012
VisualStudioVersion = 12.0.31101.0
MinimumVisualStudioVersion = 10.0.40219.1
Project("{FAE04EC0-301F-11D3-BF4B-00C04F79EFBC}") = "Sample.XamarinForms", "Sample.XamarinForms\Sample.XamarinForms\Sample.XamarinForms.csproj", "{3B12D890-364A-4EF2-92CA-59EE1FD02128}"
EndProject
Project("{FAE04EC0-301F-11D3-BF4B-00C04F79EFBC}") = "Sample.XamarinForms.iOS", "Sample.XamarinForms\Sample.XamarinForms.iOS\Sample.XamarinForms.iOS.csproj", "{4F0D9C62-3363-4903-93F0-D9640AB4FB81}"
EndProject
Project("{FAE04EC0-301F-11D3-BF4B-00C04F79EFBC}") = "Sample.XamarinForms.Droid", "Sample.XamarinForms\Sample.XamarinForms.Droid\Sample.XamarinForms.Droid.csproj", "{98CB4D80-BAAE-41A4-BF35-B0918F86F506}"
EndProject
Project("{FAE04EC0-301F-11D3-BF4B-00C04F79EFBC}") = "Sample.XamarinForms.WinPhone", "Sample.XamarinForms\Sample.XamarinForms.WinPhone\Sample.XamarinForms.WinPhone.csproj", "{590FDF4D-B807-4E0B-8351-A757B86A3D06}"
EndProject
Project("{FAE04EC0-301F-11D3-BF4B-00C04F79EFBC}") = "UITest.Sample.XamarinFormsAndroid", "UITest.Sample.XamarinFormsAndroid\UITest.Sample.XamarinFormsAndroid.csproj", "{1264A86D-1FEF-4F1C-8117-4CA894198083}"
EndProject
Project("{FAE04EC0-301F-11D3-BF4B-00C04F79EFBC}") = "UITest.Sample.XamarinFormsIOS", "UITest.Sample.XamarinFormsIOS\UITest.Sample.XamarinFormsIOS.csproj", "{FA0490A2-6120-45E2-AAFC-6941B6434D61}"
EndProject
Global
	GlobalSection(SolutionConfigurationPlatforms) = preSolution
		Ad-Hoc|Any CPU = Ad-Hoc|Any CPU
		Ad-Hoc|ARM = Ad-Hoc|ARM
		Ad-Hoc|iPhone = Ad-Hoc|iPhone
		Ad-Hoc|iPhoneSimulator = Ad-Hoc|iPhoneSimulator
		Ad-Hoc|Mixed Platforms = Ad-Hoc|Mixed Platforms
		Ad-Hoc|x86 = Ad-Hoc|x86
		AppStore|Any CPU = AppStore|Any CPU
		AppStore|ARM = AppStore|ARM
		AppStore|iPhone = AppStore|iPhone
		AppStore|iPhoneSimulator = AppStore|iPhoneSimulator
		AppStore|Mixed Platforms = AppStore|Mixed Platforms
		AppStore|x86 = AppStore|x86
		Debug|Any CPU = Debug|Any CPU
		Debug|ARM = Debug|ARM
		Debug|iPhone = Debug|iPhone
		Debug|iPhoneSimulator = Debug|iPhoneSimulator
		Debug|Mixed Platforms = Debug|Mixed Platforms
		Debug|x86 = Debug|x86
		Release|Any CPU = Release|Any CPU
		Release|ARM = Release|ARM
		Release|iPhone = Release|iPhone
		Release|iPhoneSimulator = Release|iPhoneSimulator
		Release|Mixed Platforms = Release|Mixed Platforms
		Release|x86 = Release|x86
	EndGlobalSection
	GlobalSection(ProjectConfigurationPlatforms) = postSolution
		{1264A86D-1FEF-4F1C-8117-4CA894198083}.Ad-Hoc|Any CPU.ActiveCfg = Release|Any CPU
		{1264A86D-1FEF-4F1C-8117-4CA894198083}.Ad-Hoc|Any CPU.Build.0 = Release|Any CPU
		{1264A86D-1FEF-4F1C-8117-4CA894198083}.Ad-Hoc|ARM.ActiveCfg = Release|Any CPU
		{1264A86D-1FEF-4F1C-8117-4CA894198083}.Ad-Hoc|iPhone.ActiveCfg = Release|Any CPU
		{1264A86D-1FEF-4F1C-8117-4CA894198083}.Ad-Hoc|iPhoneSimulator.ActiveCfg = Release|Any CPU
		{1264A86D-1FEF-4F1C-8117-4CA894198083}.Ad-Hoc|Mixed Platforms.ActiveCfg = Release|Any CPU
		{1264A86D-1FEF-4F1C-8117-4CA894198083}.Ad-Hoc|Mixed Platforms.Build.0 = Release|Any CPU
		{1264A86D-1FEF-4F1C-8117-4CA894198083}.Ad-Hoc|x86.ActiveCfg = Release|Any CPU
		{1264A86D-1FEF-4F1C-8117-4CA894198083}.AppStore|Any CPU.ActiveCfg = Release|Any CPU
		{1264A86D-1FEF-4F1C-8117-4CA894198083}.AppStore|Any CPU.Build.0 = Release|Any CPU
		{1264A86D-1FEF-4F1C-8117-4CA894198083}.AppStore|ARM.ActiveCfg = Release|Any CPU
		{1264A86D-1FEF-4F1C-8117-4CA894198083}.AppStore|iPhone.ActiveCfg = Release|Any CPU
		{1264A86D-1FEF-4F1C-8117-4CA894198083}.AppStore|iPhoneSimulator.ActiveCfg = Release|Any CPU
		{1264A86D-1FEF-4F1C-8117-4CA894198083}.AppStore|Mixed Platforms.ActiveCfg = Release|Any CPU
		{1264A86D-1FEF-4F1C-8117-4CA894198083}.AppStore|Mixed Platforms.Build.0 = Release|Any CPU
		{1264A86D-1FEF-4F1C-8117-4CA894198083}.AppStore|x86.ActiveCfg = Release|Any CPU
		{1264A86D-1FEF-4F1C-8117-4CA894198083}.Debug|Any CPU.ActiveCfg = Debug|Any CPU
		{1264A86D-1FEF-4F1C-8117-4CA894198083}.Debug|Any CPU.Build.0 = Debug|Any CPU
		{1264A86D-1FEF-4F1C-8117-4CA894198083}.Debug|ARM.ActiveCfg = Debug|Any CPU
		{1264A86D-1FEF-4F1C-8117-4CA894198083}.Debug|iPhone.ActiveCfg = Debug|Any CPU
		{1264A86D-1FEF-4F1C-8117-4CA894198083}.Debug|iPhoneSimulator.ActiveCfg = Debug|Any CPU
		{1264A86D-1FEF-4F1C-8117-4CA894198083}.Debug|Mixed Platforms.ActiveCfg = Debug|Any CPU
		{1264A86D-1FEF-4F1C-8117-4CA894198083}.Debug|Mixed Platforms.Build.0 = Debug|Any CPU
		{1264A86D-1FEF-4F1C-8117-4CA894198083}.Debug|x86.ActiveCfg = Debug|Any CPU
		{1264A86D-1FEF-4F1C-8117-4CA894198083}.Release|Any CPU.ActiveCfg = Release|Any CPU
		{1264A86D-1FEF-4F1C-8117-4CA894198083}.Release|Any CPU.Build.0 = Release|Any CPU
		{1264A86D-1FEF-4F1C-8117-4CA894198083}.Release|ARM.ActiveCfg = Release|Any CPU
		{1264A86D-1FEF-4F1C-8117-4CA894198083}.Release|iPhone.ActiveCfg = Release|Any CPU
		{1264A86D-1FEF-4F1C-8117-4CA894198083}.Release|iPhoneSimulator.ActiveCfg = Release|Any CPU
		{1264A86D-1FEF-4F1C-8117-4CA894198083}.Release|Mixed Platforms.ActiveCfg = Release|Any CPU
		{1264A86D-1FEF-4F1C-8117-4CA894198083}.Release|Mixed Platforms.Build.0 = Release|Any CPU
		{1264A86D-1FEF-4F1C-8117-4CA894198083}.Release|x86.ActiveCfg = Release|Any CPU
		{3B12D890-364A-4EF2-92CA-59EE1FD02128}.Ad-Hoc|Any CPU.ActiveCfg = Release|Any CPU
		{3B12D890-364A-4EF2-92CA-59EE1FD02128}.Ad-Hoc|Any CPU.Build.0 = Release|Any CPU
		{3B12D890-364A-4EF2-92CA-59EE1FD02128}.Ad-Hoc|ARM.ActiveCfg = Release|Any CPU
		{3B12D890-364A-4EF2-92CA-59EE1FD02128}.Ad-Hoc|iPhone.ActiveCfg = Release|Any CPU
		{3B12D890-364A-4EF2-92CA-59EE1FD02128}.Ad-Hoc|iPhoneSimulator.ActiveCfg = Release|Any CPU
		{3B12D890-364A-4EF2-92CA-59EE1FD02128}.Ad-Hoc|Mixed Platforms.ActiveCfg = Release|Any CPU
		{3B12D890-364A-4EF2-92CA-59EE1FD02128}.Ad-Hoc|Mixed Platforms.Build.0 = Release|Any CPU
		{3B12D890-364A-4EF2-92CA-59EE1FD02128}.Ad-Hoc|x86.ActiveCfg = Release|Any CPU
		{3B12D890-364A-4EF2-92CA-59EE1FD02128}.AppStore|Any CPU.ActiveCfg = Release|Any CPU
		{3B12D890-364A-4EF2-92CA-59EE1FD02128}.AppStore|Any CPU.Build.0 = Release|Any CPU
		{3B12D890-364A-4EF2-92CA-59EE1FD02128}.AppStore|ARM.ActiveCfg = Release|Any CPU
		{3B12D890-364A-4EF2-92CA-59EE1FD02128}.AppStore|iPhone.ActiveCfg = Release|Any CPU
		{3B12D890-364A-4EF2-92CA-59EE1FD02128}.AppStore|iPhoneSimulator.ActiveCfg = Release|Any CPU
		{3B12D890-364A-4EF2-92CA-59EE1FD02128}.AppStore|Mixed Platforms.ActiveCfg = Release|Any CPU
		{3B12D890-364A-4EF2-92CA-59EE1FD02128}.AppStore|Mixed Platforms.Build.0 = Release|Any CPU
		{3B12D890-364A-4EF2-92CA-59EE1FD02128}.AppStore|x86.ActiveCfg = Release|Any CPU
		{3B12D890-364A-4EF2-92CA-59EE1FD02128}.Debug|Any CPU.ActiveCfg = Debug|Any CPU
		{3B12D890-364A-4EF2-92CA-59EE1FD02128}.Debug|Any CPU.Build.0 = Debug|Any CPU
		{3B12D890-364A-4EF2-92CA-59EE1FD02128}.Debug|ARM.ActiveCfg = Debug|Any CPU
		{3B12D890-364A-4EF2-92CA-59EE1FD02128}.Debug|iPhone.ActiveCfg = Debug|Any CPU
		{3B12D890-364A-4EF2-92CA-59EE1FD02128}.Debug|iPhoneSimulator.ActiveCfg = Debug|Any CPU
		{3B12D890-364A-4EF2-92CA-59EE1FD02128}.Debug|Mixed Platforms.ActiveCfg = Debug|Any CPU
		{3B12D890-364A-4EF2-92CA-59EE1FD02128}.Debug|Mixed Platforms.Build.0 = Debug|Any CPU
		{3B12D890-364A-4EF2-92CA-59EE1FD02128}.Debug|x86.ActiveCfg = Debug|Any CPU
		{3B12D890-364A-4EF2-92CA-59EE1FD02128}.Release|Any CPU.ActiveCfg = Release|Any CPU
		{3B12D890-364A-4EF2-92CA-59EE1FD02128}.Release|Any CPU.Build.0 = Release|Any CPU
		{3B12D890-364A-4EF2-92CA-59EE1FD02128}.Release|ARM.ActiveCfg = Release|Any CPU
		{3B12D890-364A-4EF2-92CA-59EE1FD02128}.Release|iPhone.ActiveCfg = Release|Any CPU
		{3B12D890-364A-4EF2-92CA-59EE1FD02128}.Release|iPhoneSimulator.ActiveCfg = Release|Any CPU
		{3B12D890-364A-4EF2-92CA-59EE1FD02128}.Release|Mixed Platforms.ActiveCfg = Release|Any CPU
		{3B12D890-364A-4EF2-92CA-59EE1FD02128}.Release|Mixed Platforms.Build.0 = Release|Any CPU
		{3B12D890-364A-4EF2-92CA-59EE1FD02128}.Release|x86.ActiveCfg = Release|Any CPU
		{4F0D9C62-3363-4903-93F0-D9640AB4FB81}.Ad-Hoc|Any CPU.ActiveCfg = Ad-Hoc|iPhone
		{4F0D9C62-3363-4903-93F0-D9640AB4FB81}.Ad-Hoc|ARM.ActiveCfg = Ad-Hoc|iPhone
		{4F0D9C62-3363-4903-93F0-D9640AB4FB81}.Ad-Hoc|iPhone.ActiveCfg = Ad-Hoc|iPhone
		{4F0D9C62-3363-4903-93F0-D9640AB4FB81}.Ad-Hoc|iPhone.Build.0 = Ad-Hoc|iPhone
		{4F0D9C62-3363-4903-93F0-D9640AB4FB81}.Ad-Hoc|iPhoneSimulator.ActiveCfg = Ad-Hoc|iPhoneSimulator
		{4F0D9C62-3363-4903-93F0-D9640AB4FB81}.Ad-Hoc|iPhoneSimulator.Build.0 = Ad-Hoc|iPhoneSimulator
		{4F0D9C62-3363-4903-93F0-D9640AB4FB81}.Ad-Hoc|Mixed Platforms.ActiveCfg = Ad-Hoc|iPhone
		{4F0D9C62-3363-4903-93F0-D9640AB4FB81}.Ad-Hoc|Mixed Platforms.Build.0 = Ad-Hoc|iPhone
		{4F0D9C62-3363-4903-93F0-D9640AB4FB81}.Ad-Hoc|x86.ActiveCfg = Ad-Hoc|iPhone
		{4F0D9C62-3363-4903-93F0-D9640AB4FB81}.AppStore|Any CPU.ActiveCfg = AppStore|iPhone
		{4F0D9C62-3363-4903-93F0-D9640AB4FB81}.AppStore|ARM.ActiveCfg = AppStore|iPhone
		{4F0D9C62-3363-4903-93F0-D9640AB4FB81}.AppStore|iPhone.ActiveCfg = AppStore|iPhone
		{4F0D9C62-3363-4903-93F0-D9640AB4FB81}.AppStore|iPhone.Build.0 = AppStore|iPhone
		{4F0D9C62-3363-4903-93F0-D9640AB4FB81}.AppStore|iPhoneSimulator.ActiveCfg = AppStore|iPhoneSimulator
		{4F0D9C62-3363-4903-93F0-D9640AB4FB81}.AppStore|iPhoneSimulator.Build.0 = AppStore|iPhoneSimulator
		{4F0D9C62-3363-4903-93F0-D9640AB4FB81}.AppStore|Mixed Platforms.ActiveCfg = AppStore|iPhone
		{4F0D9C62-3363-4903-93F0-D9640AB4FB81}.AppStore|Mixed Platforms.Build.0 = AppStore|iPhone
		{4F0D9C62-3363-4903-93F0-D9640AB4FB81}.AppStore|x86.ActiveCfg = AppStore|iPhone
		{4F0D9C62-3363-4903-93F0-D9640AB4FB81}.Debug|Any CPU.ActiveCfg = Debug|iPhone
		{4F0D9C62-3363-4903-93F0-D9640AB4FB81}.Debug|ARM.ActiveCfg = Debug|iPhone
		{4F0D9C62-3363-4903-93F0-D9640AB4FB81}.Debug|iPhone.ActiveCfg = Debug|iPhone
		{4F0D9C62-3363-4903-93F0-D9640AB4FB81}.Debug|iPhone.Build.0 = Debug|iPhone
		{4F0D9C62-3363-4903-93F0-D9640AB4FB81}.Debug|iPhoneSimulator.ActiveCfg = Debug|iPhoneSimulator
		{4F0D9C62-3363-4903-93F0-D9640AB4FB81}.Debug|iPhoneSimulator.Build.0 = Debug|iPhoneSimulator
		{4F0D9C62-3363-4903-93F0-D9640AB4FB81}.Debug|Mixed Platforms.ActiveCfg = Debug|iPhone
		{4F0D9C62-3363-4903-93F0-D9640AB4FB81}.Debug|Mixed Platforms.Build.0 = Debug|iPhone
		{4F0D9C62-3363-4903-93F0-D9640AB4FB81}.Debug|x86.ActiveCfg = Debug|iPhone
		{4F0D9C62-3363-4903-93F0-D9640AB4FB81}.Release|Any CPU.ActiveCfg = Release|iPhone
		{4F0D9C62-3363-4903-93F0-D9640AB4FB81}.Release|ARM.ActiveCfg = Release|iPhone
		{4F0D9C62-3363-4903-93F0-D9640AB4FB81}.Release|iPhone.ActiveCfg = Release|iPhone
		{4F0D9C62-3363-4903-93F0-D9640AB4FB81}.Release|iPhone.Build.0 = Release|iPhone
		{4F0D9C62-3363-4903-93F0-D9640AB4FB81}.Release|iPhoneSimulator.ActiveCfg = Release|iPhoneSimulator
		{4F0D9C62-3363-4903-93F0-D9640AB4FB81}.Release|iPhoneSimulator.Build.0 = Release|iPhoneSimulator
		{4F0D9C62-3363-4903-93F0-D9640AB4FB81}.Release|Mixed Platforms.ActiveCfg = Release|iPhone
		{4F0D9C62-3363-4903-93F0-D9640AB4FB81}.Release|Mixed Platforms.Build.0 = Release|iPhone
		{4F0D9C62-3363-4903-93F0-D9640AB4FB81}.Release|x86.ActiveCfg = Release|iPhone
		{590FDF4D-B807-4E0B-8351-A757B86A3D06}.Ad-Hoc|Any CPU.ActiveCfg = Release|Any CPU
		{590FDF4D-B807-4E0B-8351-A757B86A3D06}.Ad-Hoc|Any CPU.Build.0 = Release|Any CPU
		{590FDF4D-B807-4E0B-8351-A757B86A3D06}.Ad-Hoc|Any CPU.Deploy.0 = Release|Any CPU
		{590FDF4D-B807-4E0B-8351-A757B86A3D06}.Ad-Hoc|ARM.ActiveCfg = Release|ARM
		{590FDF4D-B807-4E0B-8351-A757B86A3D06}.Ad-Hoc|ARM.Build.0 = Release|ARM
		{590FDF4D-B807-4E0B-8351-A757B86A3D06}.Ad-Hoc|ARM.Deploy.0 = Release|ARM
		{590FDF4D-B807-4E0B-8351-A757B86A3D06}.Ad-Hoc|iPhone.ActiveCfg = Release|Any CPU
		{590FDF4D-B807-4E0B-8351-A757B86A3D06}.Ad-Hoc|iPhoneSimulator.ActiveCfg = Release|Any CPU
		{590FDF4D-B807-4E0B-8351-A757B86A3D06}.Ad-Hoc|Mixed Platforms.ActiveCfg = Release|x86
		{590FDF4D-B807-4E0B-8351-A757B86A3D06}.Ad-Hoc|Mixed Platforms.Build.0 = Release|x86
		{590FDF4D-B807-4E0B-8351-A757B86A3D06}.Ad-Hoc|Mixed Platforms.Deploy.0 = Release|x86
		{590FDF4D-B807-4E0B-8351-A757B86A3D06}.Ad-Hoc|x86.ActiveCfg = Release|x86
		{590FDF4D-B807-4E0B-8351-A757B86A3D06}.Ad-Hoc|x86.Build.0 = Release|x86
		{590FDF4D-B807-4E0B-8351-A757B86A3D06}.Ad-Hoc|x86.Deploy.0 = Release|x86
		{590FDF4D-B807-4E0B-8351-A757B86A3D06}.AppStore|Any CPU.ActiveCfg = Release|Any CPU
		{590FDF4D-B807-4E0B-8351-A757B86A3D06}.AppStore|Any CPU.Build.0 = Release|Any CPU
		{590FDF4D-B807-4E0B-8351-A757B86A3D06}.AppStore|Any CPU.Deploy.0 = Release|Any CPU
		{590FDF4D-B807-4E0B-8351-A757B86A3D06}.AppStore|ARM.ActiveCfg = Release|ARM
		{590FDF4D-B807-4E0B-8351-A757B86A3D06}.AppStore|ARM.Build.0 = Release|ARM
		{590FDF4D-B807-4E0B-8351-A757B86A3D06}.AppStore|ARM.Deploy.0 = Release|ARM
		{590FDF4D-B807-4E0B-8351-A757B86A3D06}.AppStore|iPhone.ActiveCfg = Release|Any CPU
		{590FDF4D-B807-4E0B-8351-A757B86A3D06}.AppStore|iPhoneSimulator.ActiveCfg = Release|Any CPU
		{590FDF4D-B807-4E0B-8351-A757B86A3D06}.AppStore|Mixed Platforms.ActiveCfg = Release|x86
		{590FDF4D-B807-4E0B-8351-A757B86A3D06}.AppStore|Mixed Platforms.Build.0 = Release|x86
		{590FDF4D-B807-4E0B-8351-A757B86A3D06}.AppStore|Mixed Platforms.Deploy.0 = Release|x86
		{590FDF4D-B807-4E0B-8351-A757B86A3D06}.AppStore|x86.ActiveCfg = Release|x86
		{590FDF4D-B807-4E0B-8351-A757B86A3D06}.AppStore|x86.Build.0 = Release|x86
		{590FDF4D-B807-4E0B-8351-A757B86A3D06}.AppStore|x86.Deploy.0 = Release|x86
		{590FDF4D-B807-4E0B-8351-A757B86A3D06}.Debug|Any CPU.ActiveCfg = Debug|Any CPU
		{590FDF4D-B807-4E0B-8351-A757B86A3D06}.Debug|Any CPU.Build.0 = Debug|Any CPU
		{590FDF4D-B807-4E0B-8351-A757B86A3D06}.Debug|Any CPU.Deploy.0 = Debug|Any CPU
		{590FDF4D-B807-4E0B-8351-A757B86A3D06}.Debug|ARM.ActiveCfg = Debug|ARM
		{590FDF4D-B807-4E0B-8351-A757B86A3D06}.Debug|ARM.Build.0 = Debug|ARM
		{590FDF4D-B807-4E0B-8351-A757B86A3D06}.Debug|ARM.Deploy.0 = Debug|ARM
		{590FDF4D-B807-4E0B-8351-A757B86A3D06}.Debug|iPhone.ActiveCfg = Debug|Any CPU
		{590FDF4D-B807-4E0B-8351-A757B86A3D06}.Debug|iPhoneSimulator.ActiveCfg = Debug|Any CPU
		{590FDF4D-B807-4E0B-8351-A757B86A3D06}.Debug|Mixed Platforms.ActiveCfg = Debug|x86
		{590FDF4D-B807-4E0B-8351-A757B86A3D06}.Debug|Mixed Platforms.Build.0 = Debug|x86
		{590FDF4D-B807-4E0B-8351-A757B86A3D06}.Debug|Mixed Platforms.Deploy.0 = Debug|x86
		{590FDF4D-B807-4E0B-8351-A757B86A3D06}.Debug|x86.ActiveCfg = Debug|x86
		{590FDF4D-B807-4E0B-8351-A757B86A3D06}.Debug|x86.Build.0 = Debug|x86
		{590FDF4D-B807-4E0B-8351-A757B86A3D06}.Debug|x86.Deploy.0 = Debug|x86
		{590FDF4D-B807-4E0B-8351-A757B86A3D06}.Release|Any CPU.ActiveCfg = Release|Any CPU
		{590FDF4D-B807-4E0B-8351-A757B86A3D06}.Release|Any CPU.Build.0 = Release|Any CPU
		{590FDF4D-B807-4E0B-8351-A757B86A3D06}.Release|Any CPU.Deploy.0 = Release|Any CPU
		{590FDF4D-B807-4E0B-8351-A757B86A3D06}.Release|ARM.ActiveCfg = Release|ARM
		{590FDF4D-B807-4E0B-8351-A757B86A3D06}.Release|ARM.Build.0 = Release|ARM
		{590FDF4D-B807-4E0B-8351-A757B86A3D06}.Release|ARM.Deploy.0 = Release|ARM
		{590FDF4D-B807-4E0B-8351-A757B86A3D06}.Release|iPhone.ActiveCfg = Release|Any CPU
		{590FDF4D-B807-4E0B-8351-A757B86A3D06}.Release|iPhoneSimulator.ActiveCfg = Release|Any CPU
		{590FDF4D-B807-4E0B-8351-A757B86A3D06}.Release|Mixed Platforms.ActiveCfg = Release|x86
		{590FDF4D-B807-4E0B-8351-A757B86A3D06}.Release|Mixed Platforms.Build.0 = Release|x86
		{590FDF4D-B807-4E0B-8351-A757B86A3D06}.Release|Mixed Platforms.Deploy.0 = Release|x86
		{590FDF4D-B807-4E0B-8351-A757B86A3D06}.Release|x86.ActiveCfg = Release|x86
		{590FDF4D-B807-4E0B-8351-A757B86A3D06}.Release|x86.Build.0 = Release|x86
		{590FDF4D-B807-4E0B-8351-A757B86A3D06}.Release|x86.Deploy.0 = Release|x86
		{98CB4D80-BAAE-41A4-BF35-B0918F86F506}.Ad-Hoc|Any CPU.ActiveCfg = Release|Any CPU
		{98CB4D80-BAAE-41A4-BF35-B0918F86F506}.Ad-Hoc|Any CPU.Build.0 = Release|Any CPU
		{98CB4D80-BAAE-41A4-BF35-B0918F86F506}.Ad-Hoc|Any CPU.Deploy.0 = Release|Any CPU
		{98CB4D80-BAAE-41A4-BF35-B0918F86F506}.Ad-Hoc|ARM.ActiveCfg = Release|Any CPU
		{98CB4D80-BAAE-41A4-BF35-B0918F86F506}.Ad-Hoc|iPhone.ActiveCfg = Release|Any CPU
		{98CB4D80-BAAE-41A4-BF35-B0918F86F506}.Ad-Hoc|iPhoneSimulator.ActiveCfg = Release|Any CPU
		{98CB4D80-BAAE-41A4-BF35-B0918F86F506}.Ad-Hoc|Mixed Platforms.ActiveCfg = Release|Any CPU
		{98CB4D80-BAAE-41A4-BF35-B0918F86F506}.Ad-Hoc|Mixed Platforms.Build.0 = Release|Any CPU
		{98CB4D80-BAAE-41A4-BF35-B0918F86F506}.Ad-Hoc|Mixed Platforms.Deploy.0 = Release|Any CPU
		{98CB4D80-BAAE-41A4-BF35-B0918F86F506}.Ad-Hoc|x86.ActiveCfg = Release|Any CPU
		{98CB4D80-BAAE-41A4-BF35-B0918F86F506}.AppStore|Any CPU.ActiveCfg = Release|Any CPU
		{98CB4D80-BAAE-41A4-BF35-B0918F86F506}.AppStore|Any CPU.Build.0 = Release|Any CPU
		{98CB4D80-BAAE-41A4-BF35-B0918F86F506}.AppStore|Any CPU.Deploy.0 = Release|Any CPU
		{98CB4D80-BAAE-41A4-BF35-B0918F86F506}.AppStore|ARM.ActiveCfg = Release|Any CPU
		{98CB4D80-BAAE-41A4-BF35-B0918F86F506}.AppStore|iPhone.ActiveCfg = Release|Any CPU
		{98CB4D80-BAAE-41A4-BF35-B0918F86F506}.AppStore|iPhoneSimulator.ActiveCfg = Release|Any CPU
		{98CB4D80-BAAE-41A4-BF35-B0918F86F506}.AppStore|Mixed Platforms.ActiveCfg = Release|Any CPU
		{98CB4D80-BAAE-41A4-BF35-B0918F86F506}.AppStore|Mixed Platforms.Build.0 = Release|Any CPU
		{98CB4D80-BAAE-41A4-BF35-B0918F86F506}.AppStore|Mixed Platforms.Deploy.0 = Release|Any CPU
		{98CB4D80-BAAE-41A4-BF35-B0918F86F506}.AppStore|x86.ActiveCfg = Release|Any CPU
		{98CB4D80-BAAE-41A4-BF35-B0918F86F506}.Debug|Any CPU.ActiveCfg = Debug|Any CPU
		{98CB4D80-BAAE-41A4-BF35-B0918F86F506}.Debug|Any CPU.Build.0 = Debug|Any CPU
		{98CB4D80-BAAE-41A4-BF35-B0918F86F506}.Debug|Any CPU.Deploy.0 = Debug|Any CPU
		{98CB4D80-BAAE-41A4-BF35-B0918F86F506}.Debug|ARM.ActiveCfg = Debug|Any CPU
		{98CB4D80-BAAE-41A4-BF35-B0918F86F506}.Debug|iPhone.ActiveCfg = Debug|Any CPU
		{98CB4D80-BAAE-41A4-BF35-B0918F86F506}.Debug|iPhoneSimulator.ActiveCfg = Debug|Any CPU
		{98CB4D80-BAAE-41A4-BF35-B0918F86F506}.Debug|Mixed Platforms.ActiveCfg = Debug|Any CPU
		{98CB4D80-BAAE-41A4-BF35-B0918F86F506}.Debug|Mixed Platforms.Build.0 = Debug|Any CPU
		{98CB4D80-BAAE-41A4-BF35-B0918F86F506}.Debug|Mixed Platforms.Deploy.0 = Debug|Any CPU
		{98CB4D80-BAAE-41A4-BF35-B0918F86F506}.Debug|x86.ActiveCfg = Debug|Any CPU
		{98CB4D80-BAAE-41A4-BF35-B0918F86F506}.Release|Any CPU.ActiveCfg = Release|Any CPU
		{98CB4D80-BAAE-41A4-BF35-B0918F86F506}.Release|Any CPU.Build.0 = Release|Any CPU
		{98CB4D80-BAAE-41A4-BF35-B0918F86F506}.Release|Any CPU.Deploy.0 = Release|Any CPU
		{98CB4D80-BAAE-41A4-BF35-B0918F86F506}.Release|ARM.ActiveCfg = Release|Any CPU
		{98CB4D80-BAAE-41A4-BF35-B0918F86F506}.Release|iPhone.ActiveCfg = Release|Any CPU
		{98CB4D80-BAAE-41A4-BF35-B0918F86F506}.Release|iPhoneSimulator.ActiveCfg = Release|Any CPU
		{98CB4D80-BAAE-41A4-BF35-B0918F86F506}.Release|Mixed Platforms.ActiveCfg = Release|Any CPU
		{98CB4D80-BAAE-41A4-BF35-B0918F86F506}.Release|Mixed Platforms.Build.0 = Release|Any CPU
		{98CB4D80-BAAE-41A4-BF35-B0918F86F506}.Release|Mixed Platforms.Deploy.0 = Release|Any CPU
		{98CB4D80-BAAE-41A4-BF35-B0918F86F506}.Release|x86.ActiveCfg = Release|Any CPU
		{FA0490A2-6120-45E2-AAFC-6941B6434D61}.Ad-Hoc|Any CPU.ActiveCfg = Release|Any CPU
		{FA0490A2-6120-45E2-AAFC-6941B6434D61}.Ad-Hoc|Any CPU.Build.0 = Release|Any CPU
		{FA0490A2-6120-45E2-AAFC-6941B6434D61}.Ad-Hoc|ARM.ActiveCfg = Release|Any CPU
		{FA0490A2-6120-45E2-AAFC-6941B6434D61}.Ad-Hoc|iPhone.ActiveCfg = Release|Any CPU
		{FA0490A2-6120-45E2-AAFC-6941B6434D61}.Ad-Hoc|iPhoneSimulator.ActiveCfg = Release|Any CPU
		{FA0490A2-6120-45E2-AAFC-6941B6434D61}.Ad-Hoc|Mixed Platforms.ActiveCfg = Release|Any CPU
		{FA0490A2-6120-45E2-AAFC-6941B6434D61}.Ad-Hoc|Mixed Platforms.Build.0 = Release|Any CPU
		{FA0490A2-6120-45E2-AAFC-6941B6434D61}.Ad-Hoc|x86.ActiveCfg = Release|Any CPU
		{FA0490A2-6120-45E2-AAFC-6941B6434D61}.AppStore|Any CPU.ActiveCfg = Release|Any CPU
		{FA0490A2-6120-45E2-AAFC-6941B6434D61}.AppStore|Any CPU.Build.0 = Release|Any CPU
		{FA0490A2-6120-45E2-AAFC-6941B6434D61}.AppStore|ARM.ActiveCfg = Release|Any CPU
		{FA0490A2-6120-45E2-AAFC-6941B6434D61}.AppStore|iPhone.ActiveCfg = Release|Any CPU
		{FA0490A2-6120-45E2-AAFC-6941B6434D61}.AppStore|iPhoneSimulator.ActiveCfg = Release|Any CPU
		{FA0490A2-6120-45E2-AAFC-6941B6434D61}.AppStore|Mixed Platforms.ActiveCfg = Release|Any CPU
		{FA0490A2-6120-45E2-AAFC-6941B6434D61}.AppStore|Mixed Platforms.Build.0 = Release|Any CPU
		{FA0490A2-6120-45E2-AAFC-6941B6434D61}.AppStore|x86.ActiveCfg = Release|Any CPU
		{FA0490A2-6120-45E2-AAFC-6941B6434D61}.Debug|Any CPU.ActiveCfg = Debug|Any CPU
		{FA0490A2-6120-45E2-AAFC-6941B6434D61}.Debug|Any CPU.Build.0 = Debug|Any CPU
		{FA0490A2-6120-45E2-AAFC-6941B6434D61}.Debug|ARM.ActiveCfg = Debug|Any CPU
		{FA0490A2-6120-45E2-AAFC-6941B6434D61}.Debug|iPhone.ActiveCfg = Debug|Any CPU
		{FA0490A2-6120-45E2-AAFC-6941B6434D61}.Debug|iPhoneSimulator.ActiveCfg = Debug|Any CPU
		{FA0490A2-6120-45E2-AAFC-6941B6434D61}.Debug|Mixed Platforms.ActiveCfg = Debug|Any CPU
		{FA0490A2-6120-45E2-AAFC-6941B6434D61}.Debug|Mixed Platforms.Build.0 = Debug|Any CPU
		{FA0490A2-6120-45E2-AAFC-6941B6434D61}.Debug|x86.ActiveCfg = Debug|Any CPU
		{FA0490A2-6120-45E2-AAFC-6941B6434D61}.Release|Any CPU.ActiveCfg = Release|Any CPU
		{FA0490A2-6120-45E2-AAFC-6941B6434D61}.Release|Any CPU.Build.0 = Release|Any CPU
		{FA0490A2-6120-45E2-AAFC-6941B6434D61}.Release|ARM.ActiveCfg = Release|Any CPU
		{FA0490A2-6120-45E2-AAFC-6941B6434D61}.Release|iPhone.ActiveCfg = Release|Any CPU
		{FA0490A2-6120-45E2-AAFC-6941B6434D61}.Release|iPhoneSimulator.ActiveCfg = Release|Any CPU
		{FA0490A2-6120-45E2-AAFC-6941B6434D61}.Release|Mixed Platforms.ActiveCfg = Release|Any CPU
		{FA0490A2-6120-45E2-AAFC-6941B6434D61}.Release|Mixed Platforms.Build.0 = Release|Any CPU
		{FA0490A2-6120-45E2-AAFC-6941B6434D61}.Release|x86.ActiveCfg = Release|Any CPU
	EndGlobalSection
	GlobalSection(SolutionProperties) = preSolution
		HideSolutionNode = FALSE
	EndGlobalSection
EndGlobal
